<?xml version="1.0" encoding="utf-8"?>
<Project ToolsVersion="4.0" xmlns="http://schemas.microsoft.com/developer/msbuild/2003">
  <ItemGroup>
    <Filter Include="Source Files">
      <UniqueIdentifier>{4FC737F1-C7A5-4376-A066-2A32D752A2FF}</UniqueIdentifier>
      <Extensions>cpp;c;cc;cxx;def;odl;idl;hpj;bat;asm;asmx</Extensions>
    </Filter>
    <Filter Include="Header Files">
      <UniqueIdentifier>{93995380-89BD-4b04-88EB-625FBE52EBFB}</UniqueIdentifier>
      <Extensions>h;hh;hpp;hxx;hm;inl;inc;ipp;xsd</Extensions>
    </Filter>
    <Filter Include="Resource Files">
      <UniqueIdentifier>{67DA6AB6-F800-4c08-8B7A-83BB121AAD01}</UniqueIdentifier>
      <Extensions>rc;ico;cur;bmp;dlg;rc2;rct;bin;rgs;gif;jpg;jpeg;jpe;resx;tiff;tif;png;wav;mfcribbon-ms</Extensions>
    </Filter>
  </ItemGroup>
  <ItemGroup>
    <ClCompile Include="main.cpp">
      <Filter>Source Files</Filter>
    </ClCompile>
    <ClCompile Include="CGame.cpp">
      <Filter>Source Files</Filter>
    </ClCompile>
    <ClCompile Include="gameObject\Enemy.cpp">
      <Filter>Source Files</Filter>
    </ClCompile>
    <ClCompile Include="gameObject\Floater.cpp">
      <Filter>Source Files</Filter>
    </ClCompile>
    <ClCompile Include="gameObject\GameObject.cpp">
      <Filter>Source Files</Filter>
    </ClCompile>
    <ClCompile Include="gameObject\Worm.cpp">
      <Filter>Source Files</Filter>
    </ClCompile>
    <ClCompile Include="gameObject\Dome.cpp">
      <Filter>Source Files</Filter>
    </ClCompile>
    <ClCompile Include="TextureManager.cpp">
      <Filter>Source Files</Filter>
    </ClCompile>
    <ClCompile Include="SpriteManager.cpp">
      <Filter>Source Files</Filter>
    </ClCompile>
    <ClCompile Include="AnimationManger.cpp">
      <Filter>Source Files</Filter>
    </ClCompile>
    <ClCompile Include="gameObject\Boss.cpp">
      <Filter>Source Files</Filter>
    </ClCompile>
    <ClCompile Include="gameObject\Cannon.cpp">
      <Filter>Source Files</Filter>
    </ClCompile>
    <ClCompile Include="gameObject\Eyeball.cpp">
      <Filter>Source Files</Filter>
    </ClCompile>
    <ClCompile Include="gameObject\Insect.cpp">
      <Filter>Source Files</Filter>
    </ClCompile>
    <ClCompile Include="gameObject\Jumper.cpp">
      <Filter>Source Files</Filter>
    </ClCompile>
    <ClCompile Include="gameObject\Mine.cpp">
      <Filter>Source Files</Filter>
    </ClCompile>
    <ClCompile Include="gameObject\Orb.cpp">
      <Filter>Source Files</Filter>
    </ClCompile>
    <ClCompile Include="gameObject\Player.cpp">
      <Filter>Source Files</Filter>
    </ClCompile>
    <ClCompile Include="gameObject\Skull.cpp">
      <Filter>Source Files</Filter>
    </ClCompile>
    <ClCompile Include="gameObject\Teleporter.cpp">
      <Filter>Source Files</Filter>
    </ClCompile>
    <ClCompile Include="InputHandler.cpp">
      <Filter>Source Files</Filter>
    </ClCompile>
    <ClCompile Include="scene\GameScene.cpp">
      <Filter>Source Files</Filter>
    </ClCompile>
    <ClCompile Include="scene\Intro.cpp">
      <Filter>Source Files</Filter>
    </ClCompile>
    <ClCompile Include="scene\Scene.cpp">
      <Filter>Source Files</Filter>
    </ClCompile>
    <ClCompile Include="Debug.cpp">
      <Filter>Source Files</Filter>
    </ClCompile>
    <ClCompile Include="scene\DebugScene.cpp">
      <Filter>Source Files</Filter>
    </ClCompile>
    <ClCompile Include="SceneStateMachine.cpp">
      <Filter>Source Files</Filter>
    </ClCompile>
    <ClCompile Include="ResourceImporter.cpp">
      <Filter>Source Files</Filter>
    </ClCompile>
    <ClCompile Include="Camera.cpp">
      <Filter>Source Files</Filter>
    </ClCompile>
    <ClCompile Include="gameObject\Jason.cpp">
      <Filter>Source Files</Filter>
    </ClCompile>
    <ClCompile Include="gameObject\Sophia.cpp">
      <Filter>Source Files</Filter>
    </ClCompile>
    <ClCompile Include="gameObject\JasonTop.cpp">
      <Filter>Source Files</Filter>
    </ClCompile>
    <ClCompile Include="scene\OverworldScene.cpp">
      <Filter>Source Files</Filter>
    </ClCompile>
    <ClCompile Include="scene\DungeonScene.cpp">
      <Filter>Source Files</Filter>
    </ClCompile>
    <ClCompile Include="gameObject\Block.cpp">
      <Filter>Source Files</Filter>
    </ClCompile>
    <ClCompile Include="gameObject\Portal.cpp">
      <Filter>Source Files</Filter>
    </ClCompile>
    <ClCompile Include="CollisionHelper.cpp">
      <Filter>Source Files</Filter>
    </ClCompile>
    <ClCompile Include="scene\SceneSection.cpp">
      <Filter>Source Files</Filter>
    </ClCompile>
    <ClCompile Include="GameTimer.cpp">
      <Filter>Source Files</Filter>
    </ClCompile>
    <ClCompile Include="scene\EndScene.cpp">
      <Filter>Source Files</Filter>
    </ClCompile>
  </ItemGroup>
  <ItemGroup>
    <ClInclude Include="CGame.h">
      <Filter>Header Files</Filter>
    </ClInclude>
    <ClInclude Include="gameObject\Enemy.h">
      <Filter>Header Files</Filter>
    </ClInclude>
    <ClInclude Include="gameObject\Floater.h">
      <Filter>Header Files</Filter>
    </ClInclude>
    <ClInclude Include="gameObject\GameObject.h">
      <Filter>Header Files</Filter>
    </ClInclude>
    <ClInclude Include="gameObject\Worm.h">
      <Filter>Header Files</Filter>
    </ClInclude>
    <ClInclude Include="gameObject\Dome.h">
      <Filter>Header Files</Filter>
    </ClInclude>
    <ClInclude Include="TextureManager.h">
      <Filter>Header Files</Filter>
    </ClInclude>
    <ClInclude Include="SpriteManager.h">
      <Filter>Header Files</Filter>
    </ClInclude>
    <ClInclude Include="AnimationManger.h">
      <Filter>Header Files</Filter>
    </ClInclude>
    <ClInclude Include="gameObject\Boss.h">
      <Filter>Header Files</Filter>
    </ClInclude>
    <ClInclude Include="gameObject\Cannon.h">
      <Filter>Header Files</Filter>
    </ClInclude>
    <ClInclude Include="gameObject\Eyeball.h">
      <Filter>Header Files</Filter>
    </ClInclude>
    <ClInclude Include="gameObject\Insect.h">
      <Filter>Header Files</Filter>
    </ClInclude>
    <ClInclude Include="gameObject\Jumper.h">
      <Filter>Header Files</Filter>
    </ClInclude>
    <ClInclude Include="gameObject\Mine.h">
      <Filter>Header Files</Filter>
    </ClInclude>
    <ClInclude Include="gameObject\Orb.h">
      <Filter>Header Files</Filter>
    </ClInclude>
    <ClInclude Include="gameObject\Player.h">
      <Filter>Header Files</Filter>
    </ClInclude>
    <ClInclude Include="gameObject\Skull.h">
      <Filter>Header Files</Filter>
    </ClInclude>
    <ClInclude Include="gameObject\Teleporter.h">
      <Filter>Header Files</Filter>
    </ClInclude>
    <ClInclude Include="InputHandler.h">
      <Filter>Header Files</Filter>
    </ClInclude>
    <ClInclude Include="scene\GameScene.h">
      <Filter>Header Files</Filter>
    </ClInclude>
    <ClInclude Include="scene\Intro.h">
      <Filter>Header Files</Filter>
    </ClInclude>
    <ClInclude Include="scene\Scene.h">
      <Filter>Header Files</Filter>
    </ClInclude>
    <ClInclude Include="Debug.h">
      <Filter>Header Files</Filter>
    </ClInclude>
    <ClInclude Include="StateDictionary.h">
      <Filter>Header Files</Filter>
    </ClInclude>
    <ClInclude Include="scene\DebugScene.h">
      <Filter>Header Files</Filter>
    </ClInclude>
    <ClInclude Include="gameObject\AllObject.h">
      <Filter>Header Files</Filter>
    </ClInclude>
    <ClInclude Include="SceneStateMachine.h">
      <Filter>Header Files</Filter>
    </ClInclude>
    <ClInclude Include="GlobalConstant.h">
      <Filter>Header Files</Filter>
    </ClInclude>
    <ClInclude Include="ResourceImporter.h">
      <Filter>Header Files</Filter>
    </ClInclude>
    <ClInclude Include="resource.h">
      <Filter>Header Files</Filter>
    </ClInclude>
    <ClInclude Include="Camera.h">
      <Filter>Header Files</Filter>
    </ClInclude>
    <ClInclude Include="gameObject\Jason.h">
      <Filter>Header Files</Filter>
    </ClInclude>
    <ClInclude Include="gameObject\Sophia.h">
      <Filter>Header Files</Filter>
    </ClInclude>
    <ClInclude Include="gameObject\JasonTop.h">
      <Filter>Header Files</Filter>
    </ClInclude>
    <ClInclude Include="scene\OverworldScene.h">
      <Filter>Header Files</Filter>
    </ClInclude>
    <ClInclude Include="scene\DugeonScene.h">
      <Filter>Header Files</Filter>
    </ClInclude>
    <ClInclude Include="gameObject\Block.h">
      <Filter>Header Files</Filter>
    </ClInclude>
    <ClInclude Include="gameObject\Portal.h">
      <Filter>Header Files</Filter>
    </ClInclude>
    <ClInclude Include="CollisionHelper.h">
      <Filter>Header Files</Filter>
    </ClInclude>
    <ClInclude Include="scene\SceneSection.h">
      <Filter>Header Files</Filter>
    </ClInclude>
    <ClInclude Include="GameTimer.h">
      <Filter>Header Files</Filter>
    </ClInclude>
    <ClInclude Include="scene\EndScene.h">
      <Filter>Header Files</Filter>
    </ClInclude>
  </ItemGroup>
  <ItemGroup>
    <Image Include="resource\Enemies.png">
      <Filter>Resource Files</Filter>
    </Image>
    <Image Include="resource\Player_add.png">
      <Filter>Resource Files</Filter>
    </Image>
    <Image Include="resource\Player.png">
      <Filter>Resource Files</Filter>
    </Image>
    <Image Include="resource\DungeonMapBg.png">
      <Filter>Resource Files</Filter>
    </Image>
    <Image Include="resource\OverworldMapBg.png">
      <Filter>Resource Files</Filter>
    </Image>
    <Image Include="resource\DungeonTileset.png">
      <Filter>Resource Files</Filter>
    </Image>
    <Image Include="resource\OverworldTileset.png">
      <Filter>Resource Files</Filter>
    </Image>
    <Image Include="resource\DungeonMapFg.png">
      <Filter>Resource Files</Filter>
    </Image>
    <Image Include="resource\bbox.png">
      <Filter>Resource Files</Filter>
    </Image>
    <Image Include="resource\DungeonMapLayoutFg.png">
      <Filter>Resource Files</Filter>
    </Image>
    <Image Include="resource\OverworldMapFg.png">
      <Filter>Resource Files</Filter>
    </Image>
    <Image Include="resource\intro_1.png">
      <Filter>Resource Files</Filter>
    </Image>
    <Image Include="resource\intro_2.png">
      <Filter>Resource Files</Filter>
    </Image>
    <Image Include="resource\menu_1.png">
      <Filter>Resource Files</Filter>
    </Image>
    <Image Include="resource\menu_2.png">
      <Filter>Resource Files</Filter>
    </Image>
    <Image Include="resource\menu_3.png">
      <Filter>Resource Files</Filter>
    </Image>
    <Image Include="resource\menu_4.png">
      <Filter>Resource Files</Filter>
    </Image>
    <Image Include="resource\menu_5.png">
      <Filter>Resource Files</Filter>
    </Image>
    <Image Include="resource\ending.png">
      <Filter>Resource Files</Filter>
    </Image>
  </ItemGroup>
  <ItemGroup>
    <Text Include="resource\ref.txt" />
    <Text Include="resource\p_ref.txt" />
    <Text Include="resource\map_data\overworld_entityData.txt" />
    <Text Include="resource\map_data\dungeon_entityData.txt" />
  </ItemGroup>
  <ItemGroup>
    <None Include="resource\spriteResource.grc" />
    <None Include="resource\map_data\dungeon_layoutData.csv" />
    <None Include="resource\map_data\overworld_layoutData.csv" />
  </ItemGroup>
  <ItemGroup>
    <ResourceCompile Include="direct3dtest.rc">
      <Filter>Resource Files</Filter>
    </ResourceCompile>
  </ItemGroup>
</Project>